
Microsoft Visual Studio Solution File, Format Version 12.00
# Visual Studio Version 17
VisualStudioVersion = 17.9.34622.214
MinimumVisualStudioVersion = 10.0.40219.1
Project("{FAE04EC0-301F-11D3-BF4B-00C04F79EFBC}") = "PRELIM_E1_Assignment_TabinJasper_BSIT32E1", "PRELIM_E1_Assignment_TabinJasper_BSIT32E1\PRELIM_E1_Assignment_TabinJasper_BSIT32E1.csproj", "{247D87EF-68BE-4402-8547-C7F39802D3AD}"
EndProject
Global
	GlobalSection(SolutionConfigurationPlatforms) = preSolution
		Debug|Any CPU = Debug|Any CPU
		Release|Any CPU = Release|Any CPU
	EndGlobalSection
	GlobalSection(ProjectConfigurationPlatforms) = postSolution
		{247D87EF-68BE-4402-8547-C7F39802D3AD}.Debug|Any CPU.ActiveCfg = Debug|Any CPU
		{247D87EF-68BE-4402-8547-C7F39802D3AD}.Debug|Any CPU.Build.0 = Debug|Any CPU
		{247D87EF-68BE-4402-8547-C7F39802D3AD}.Release|Any CPU.ActiveCfg = Release|Any CPU
		{247D87EF-68BE-4402-8547-C7F39802D3AD}.Release|Any CPU.Build.0 = Release|Any CPU
	EndGlobalSection
	GlobalSection(SolutionProperties) = preSolution
		HideSolutionNode = FALSE
	EndGlobalSection
	GlobalSection(ExtensibilityGlobals) = postSolution
		SolutionGuid = {C92F2AB3-7FBF-48A0-B149-193C006EB3B0}
	EndGlobalSection
EndGlobal
